// !$*UTF8*$!
{
	archiveVersion = 1;
	classes = {
	};
	objectVersion = 77;
	objects = {

/* Begin PBXBuildFile section */
		8A0D781C2EF3786D008BADF2 /* RunningFromPuppiesApp.swift in Sources */ = {isa = PBXBuildFile; fileRef = 8A0D781B2EF3786D008BADF2 /* RunningFromPuppiesApp.swift */; };
		8A0D781E2EF3786D008BADF2 /* ContentView.swift in Sources */ = {isa = PBXBuildFile; fileRef = 8A0D781D2EF3786D008BADF2 /* ContentView.swift */; };
		8A0D78202EF37870008BADF2 /* Assets.xcassets in Resources */ = {isa = PBXBuildFile; fileRef = 8A0D781F2EF37870008BADF2 /* Assets.xcassets */; };
		8A0D78372EF44C50008BADF2 /* GameState.swift in Sources */ = {isa = PBXBuildFile; fileRef = 8A0D78362EF44C50008BADF2 /* GameState.swift */; };
		8A0D78392EF44C61008BADF2 /* InputEvent.swift in Sources */ = {isa = PBXBuildFile; fileRef = 8A0D78382EF44C61008BADF2 /* InputEvent.swift */; };
		8A0D783B2EF44C71008BADF2 /* GameCoreEngine.swift in Sources */ = {isa = PBXBuildFile; fileRef = 8A0D783A2EF44C71008BADF2 /* GameCoreEngine.swift */; };
		8A0D783D2EF44C9A008BADF2 /* FixedStepDriver.swift in Sources */ = {isa = PBXBuildFile; fileRef = 8A0D783C2EF44C9A008BADF2 /* FixedStepDriver.swift */; };
		8A0D783F2EF44CB0008BADF2 /* DebugLog.swift in Sources */ = {isa = PBXBuildFile; fileRef = 8A0D783E2EF44CB0008BADF2 /* DebugLog.swift */; };
		8A0D78492EF44F0F008BADF2 /* GameScene.swift in Sources */ = {isa = PBXBuildFile; fileRef = 8A0D78482EF44F0F008BADF2 /* GameScene.swift */; };
		8A0D784B2EF4641E008BADF2 /* SwipeInputCollector.swift in Sources */ = {isa = PBXBuildFile; fileRef = 8A0D784A2EF4641E008BADF2 /* SwipeInputCollector.swift */; };
		8A0D784D2EF756B2008BADF2 /* StartScreenView.swift in Sources */ = {isa = PBXBuildFile; fileRef = 8A0D784C2EF756B2008BADF2 /* StartScreenView.swift */; };
		8A0D784F2EF756EC008BADF2 /* GameHostView.swift in Sources */ = {isa = PBXBuildFile; fileRef = 8A0D784E2EF756EC008BADF2 /* GameHostView.swift */; };
		8A126BFE2F26929A00DCE03F /* CloudKitLeaderboardService.swift in Sources */ = {isa = PBXBuildFile; fileRef = 8A126BFD2F26929A00DCE03F /* CloudKitLeaderboardService.swift */; };
		8AAFC6EC2F2503A100066200 /* LeaderboardsView.swift in Sources */ = {isa = PBXBuildFile; fileRef = 8AAFC6EB2F2503A100066200 /* LeaderboardsView.swift */; };
		8AAFC6EE2F2503C700066200 /* SettingsView.swift in Sources */ = {isa = PBXBuildFile; fileRef = 8AAFC6ED2F2503C700066200 /* SettingsView.swift */; };
/* End PBXBuildFile section */

/* Begin PBXFileReference section */
		8A0D78182EF3786D008BADF2 /* RunningFromPuppies.app */ = {isa = PBXFileReference; explicitFileType = wrapper.application; includeInIndex = 0; path = RunningFromPuppies.app; sourceTree = BUILT_PRODUCTS_DIR; };
		8A0D781B2EF3786D008BADF2 /* RunningFromPuppiesApp.swift */ = {isa = PBXFileReference; lastKnownFileType = sourcecode.swift; path = RunningFromPuppiesApp.swift; sourceTree = "<group>"; };
		8A0D781D2EF3786D008BADF2 /* ContentView.swift */ = {isa = PBXFileReference; lastKnownFileType = sourcecode.swift; path = ContentView.swift; sourceTree = "<group>"; };
		8A0D781F2EF37870008BADF2 /* Assets.xcassets */ = {isa = PBXFileReference; lastKnownFileType = folder.assetcatalog; path = Assets.xcassets; sourceTree = "<group>"; };
		8A0D78362EF44C50008BADF2 /* GameState.swift */ = {isa = PBXFileReference; lastKnownFileType = sourcecode.swift; path = GameState.swift; sourceTree = "<group>"; };
		8A0D78382EF44C61008BADF2 /* InputEvent.swift */ = {isa = PBXFileReference; lastKnownFileType = sourcecode.swift; path = InputEvent.swift; sourceTree = "<group>"; };
		8A0D783A2EF44C71008BADF2 /* GameCoreEngine.swift */ = {isa = PBXFileReference; lastKnownFileType = sourcecode.swift; path = GameCoreEngine.swift; sourceTree = "<group>"; };
		8A0D783C2EF44C9A008BADF2 /* FixedStepDriver.swift */ = {isa = PBXFileReference; lastKnownFileType = sourcecode.swift; name = FixedStepDriver.swift; path = GameCore/FixedStepDriver.swift; sourceTree = SOURCE_ROOT; };
		8A0D783E2EF44CB0008BADF2 /* DebugLog.swift */ = {isa = PBXFileReference; lastKnownFileType = sourcecode.swift; path = DebugLog.swift; sourceTree = "<group>"; };
		8A0D78482EF44F0F008BADF2 /* GameScene.swift */ = {isa = PBXFileReference; lastKnownFileType = sourcecode.swift; path = GameScene.swift; sourceTree = "<group>"; };
		8A0D784A2EF4641E008BADF2 /* SwipeInputCollector.swift */ = {isa = PBXFileReference; lastKnownFileType = sourcecode.swift; path = SwipeInputCollector.swift; sourceTree = "<group>"; };
		8A0D784C2EF756B2008BADF2 /* StartScreenView.swift */ = {isa = PBXFileReference; lastKnownFileType = sourcecode.swift; path = StartScreenView.swift; sourceTree = "<group>"; };
		8A0D784E2EF756EC008BADF2 /* GameHostView.swift */ = {isa = PBXFileReference; lastKnownFileType = sourcecode.swift; path = GameHostView.swift; sourceTree = "<group>"; };
		8A126BFD2F26929A00DCE03F /* CloudKitLeaderboardService.swift */ = {isa = PBXFileReference; lastKnownFileType = sourcecode.swift; path = CloudKitLeaderboardService.swift; sourceTree = "<group>"; };
		8AAFC6EB2F2503A100066200 /* LeaderboardsView.swift */ = {isa = PBXFileReference; lastKnownFileType = sourcecode.swift; path = LeaderboardsView.swift; sourceTree = "<group>"; };
		8AAFC6ED2F2503C700066200 /* SettingsView.swift */ = {isa = PBXFileReference; lastKnownFileType = sourcecode.swift; path = SettingsView.swift; sourceTree = "<group>"; };
/* End PBXFileReference section */

/* Begin PBXFileSystemSynchronizedBuildFileExceptionSet section */
		8A0D78282EF37870008BADF2 /* Exceptions for "RunningFromPuppies" folder in "RunningFromPuppies" target */ = {
			isa = PBXFileSystemSynchronizedBuildFileExceptionSet;
			membershipExceptions = (
				Info.plist,
			);
			target = 8A0D78172EF3786D008BADF2 /* RunningFromPuppies */;
		};
/* End PBXFileSystemSynchronizedBuildFileExceptionSet section */

/* Begin PBXFileSystemSynchronizedRootGroup section */
		8A0D781A2EF3786D008BADF2 /* RunningFromPuppies */ = {
			isa = PBXFileSystemSynchronizedRootGroup;
			exceptions = (
				8A0D78282EF37870008BADF2 /* Exceptions for "RunningFromPuppies" folder in "RunningFromPuppies" target */,
			);
			path = RunningFromPuppies;
			sourceTree = "<group>";
		};
		8ACD42432F256A2300FBB032 /* Persistance */ = {
			isa = PBXFileSystemSynchronizedRootGroup;
			path = Persistance;
			sourceTree = "<group>";
		};
/* End PBXFileSystemSynchronizedRootGroup section */

/* Begin PBXFrameworksBuildPhase section */
		8A0D78152EF3786D008BADF2 /* Frameworks */ = {
			isa = PBXFrameworksBuildPhase;
			buildActionMask = 2147483647;
			files = (
			);
			runOnlyForDeploymentPostprocessing = 0;
		};
/* End PBXFrameworksBuildPhase section */

/* Begin PBXGroup section */
		8A0D780F2EF3786D008BADF2 = {
			isa = PBXGroup;
			children = (
				8A0D78402EF44D22008BADF2 /* App */,
				8A0D78412EF44D34008BADF2 /* UI */,
				8A0D78422EF44D3C008BADF2 /* Rendering */,
				8A0D78342EF44C22008BADF2 /* GameCore */,
				8A0D78352EF44C2E008BADF2 /* Runtime */,
				8A0D78432EF44D50008BADF2 /* Input */,
				8A0D78442EF44D59008BADF2 /* Assets */,
				8A0D78452EF44D64008BADF2 /* Resources */,
				8A0D78462EF44D6E008BADF2 /* Debug */,
				8A126BFC2F26927C00DCE03F /* Services */,
				8A0D78472EF44D78008BADF2 /* Shared */,
				8ACD42432F256A2300FBB032 /* Persistance */,
				8A0D781A2EF3786D008BADF2 /* RunningFromPuppies */,
				8A0D78192EF3786D008BADF2 /* Products */,
			);
			sourceTree = "<group>";
		};
		8A0D78192EF3786D008BADF2 /* Products */ = {
			isa = PBXGroup;
			children = (
				8A0D78182EF3786D008BADF2 /* RunningFromPuppies.app */,
			);
			name = Products;
			sourceTree = "<group>";
		};
		8A0D78342EF44C22008BADF2 /* GameCore */ = {
			isa = PBXGroup;
			children = (
				8A0D78362EF44C50008BADF2 /* GameState.swift */,
				8A0D783A2EF44C71008BADF2 /* GameCoreEngine.swift */,
			);
			path = GameCore;
			sourceTree = "<group>";
		};
		8A0D78352EF44C2E008BADF2 /* Runtime */ = {
			isa = PBXGroup;
			children = (
				8A0D783C2EF44C9A008BADF2 /* FixedStepDriver.swift */,
			);
			path = Runtime;
			sourceTree = "<group>";
		};
		8A0D78402EF44D22008BADF2 /* App */ = {
			isa = PBXGroup;
			children = (
				8A0D781B2EF3786D008BADF2 /* RunningFromPuppiesApp.swift */,
			);
			path = App;
			sourceTree = "<group>";
		};
		8A0D78412EF44D34008BADF2 /* UI */ = {
			isa = PBXGroup;
			children = (
				8A0D781D2EF3786D008BADF2 /* ContentView.swift */,
				8AAFC6EB2F2503A100066200 /* LeaderboardsView.swift */,
				8AAFC6ED2F2503C700066200 /* SettingsView.swift */,
				8A0D784C2EF756B2008BADF2 /* StartScreenView.swift */,
				8A0D784E2EF756EC008BADF2 /* GameHostView.swift */,
			);
			path = UI;
			sourceTree = "<group>";
		};
		8A0D78422EF44D3C008BADF2 /* Rendering */ = {
			isa = PBXGroup;
			children = (
				8A0D78482EF44F0F008BADF2 /* GameScene.swift */,
			);
			path = Rendering;
			sourceTree = "<group>";
		};
		8A0D78432EF44D50008BADF2 /* Input */ = {
			isa = PBXGroup;
			children = (
				8A0D78382EF44C61008BADF2 /* InputEvent.swift */,
				8A0D784A2EF4641E008BADF2 /* SwipeInputCollector.swift */,
			);
			path = Input;
			sourceTree = "<group>";
		};
		8A0D78442EF44D59008BADF2 /* Assets */ = {
			isa = PBXGroup;
			children = (
				8A0D781F2EF37870008BADF2 /* Assets.xcassets */,
			);
			path = Assets;
			sourceTree = "<group>";
		};
		8A0D78452EF44D64008BADF2 /* Resources */ = {
			isa = PBXGroup;
			children = (
			);
			path = Resources;
			sourceTree = "<group>";
		};
		8A0D78462EF44D6E008BADF2 /* Debug */ = {
			isa = PBXGroup;
			children = (
				8A0D783E2EF44CB0008BADF2 /* DebugLog.swift */,
			);
			path = Debug;
			sourceTree = "<group>";
		};
		8A0D78472EF44D78008BADF2 /* Shared */ = {
			isa = PBXGroup;
			children = (
			);
			path = Shared;
			sourceTree = "<group>";
		};
		8A126BFC2F26927C00DCE03F /* Services */ = {
			isa = PBXGroup;
			children = (
				8A126BFD2F26929A00DCE03F /* CloudKitLeaderboardService.swift */,
			);
			path = Services;
			sourceTree = "<group>";
		};
/* End PBXGroup section */

/* Begin PBXNativeTarget section */
		8A0D78172EF3786D008BADF2 /* RunningFromPuppies */ = {
			isa = PBXNativeTarget;
			buildConfigurationList = 8A0D78292EF37870008BADF2 /* Build configuration list for PBXNativeTarget "RunningFromPuppies" */;
			buildPhases = (
				8A0D78142EF3786D008BADF2 /* Sources */,
				8A0D78152EF3786D008BADF2 /* Frameworks */,
				8A0D78162EF3786D008BADF2 /* Resources */,
			);
			buildRules = (
			);
			dependencies = (
			);
			fileSystemSynchronizedGroups = (
				8A0D781A2EF3786D008BADF2 /* RunningFromPuppies */,
				8ACD42432F256A2300FBB032 /* Persistance */,
			);
			name = RunningFromPuppies;
			packageProductDependencies = (
			);
			productName = RunningFromPuppies;
			productReference = 8A0D78182EF3786D008BADF2 /* RunningFromPuppies.app */;
			productType = "com.apple.product-type.application";
		};
/* End PBXNativeTarget section */

/* Begin PBXProject section */
		8A0D78102EF3786D008BADF2 /* Project object */ = {
			isa = PBXProject;
			attributes = {
				BuildIndependentTargetsInParallel = 1;
				LastSwiftUpdateCheck = 2620;
				LastUpgradeCheck = 2620;
				TargetAttributes = {
					8A0D78172EF3786D008BADF2 = {
						CreatedOnToolsVersion = 26.2;
					};
				};
			};
			buildConfigurationList = 8A0D78132EF3786D008BADF2 /* Build configuration list for PBXProject "RunningFromPuppies" */;
			developmentRegion = en;
			hasScannedForEncodings = 0;
			knownRegions = (
				en,
				Base,
			);
			mainGroup = 8A0D780F2EF3786D008BADF2;
			minimizedProjectReferenceProxies = 1;
			preferredProjectObjectVersion = 77;
			productRefGroup = 8A0D78192EF3786D008BADF2 /* Products */;
			projectDirPath = "";
			projectRoot = "";
			targets = (
				8A0D78172EF3786D008BADF2 /* RunningFromPuppies */,
			);
		};
/* End PBXProject section */

/* Begin PBXResourcesBuildPhase section */
		8A0D78162EF3786D008BADF2 /* Resources */ = {
			isa = PBXResourcesBuildPhase;
			buildActionMask = 2147483647;
			files = (
				8A0D78202EF37870008BADF2 /* Assets.xcassets in Resources */,
			);
			runOnlyForDeploymentPostprocessing = 0;
		};
/* End PBXResourcesBuildPhase section */

/* Begin PBXSourcesBuildPhase section */
		8A0D78142EF3786D008BADF2 /* Sources */ = {
			isa = PBXSourcesBuildPhase;
			buildActionMask = 2147483647;
			files = (
				8AAFC6EE2F2503C700066200 /* SettingsView.swift in Sources */,
				8A126BFE2F26929A00DCE03F /* CloudKitLeaderboardService.swift in Sources */,
				8A0D783F2EF44CB0008BADF2 /* DebugLog.swift in Sources */,
				8A0D783B2EF44C71008BADF2 /* GameCoreEngine.swift in Sources */,
				8A0D78392EF44C61008BADF2 /* InputEvent.swift in Sources */,
				8A0D781E2EF3786D008BADF2 /* ContentView.swift in Sources */,
				8A0D78492EF44F0F008BADF2 /* GameScene.swift in Sources */,
				8A0D784B2EF4641E008BADF2 /* SwipeInputCollector.swift in Sources */,
				8AAFC6EC2F2503A100066200 /* LeaderboardsView.swift in Sources */,
				8A0D784F2EF756EC008BADF2 /* GameHostView.swift in Sources */,
				8A0D783D2EF44C9A008BADF2 /* FixedStepDriver.swift in Sources */,
				8A0D784D2EF756B2008BADF2 /* StartScreenView.swift in Sources */,
				8A0D78372EF44C50008BADF2 /* GameState.swift in Sources */,
				8A0D781C2EF3786D008BADF2 /* RunningFromPuppiesApp.swift in Sources */,
			);
			runOnlyForDeploymentPostprocessing = 0;
		};
/* End PBXSourcesBuildPhase section */

/* Begin XCBuildConfiguration section */
		8A0D782A2EF37870008BADF2 /* Debug */ = {
			isa = XCBuildConfiguration;
			buildSettings = {
				ASSETCATALOG_COMPILER_APPICON_NAME = AppIcon;
				ASSETCATALOG_COMPILER_GLOBAL_ACCENT_COLOR_NAME = AccentColor;
				CODE_SIGN_ENTITLEMENTS = RunningFromPuppies/RunningFromPuppies.entitlements;
				CODE_SIGN_STYLE = Automatic;
				CURRENT_PROJECT_VERSION = 2;
				DEVELOPMENT_TEAM = YVYV2ACPL4;
				ENABLE_PREVIEWS = YES;
				GENERATE_INFOPLIST_FILE = YES;
				INFOPLIST_FILE = RunningFromPuppies/Info.plist;
				INFOPLIST_KEY_LSApplicationCategoryType = "";
				INFOPLIST_KEY_LSSupportsOpeningDocumentsInPlace = YES;
				INFOPLIST_KEY_UIApplicationSceneManifest_Generation = YES;
				INFOPLIST_KEY_UIApplicationSupportsIndirectInputEvents = YES;
				INFOPLIST_KEY_UIFileSharingEnabled = YES;
				INFOPLIST_KEY_UILaunchScreen_Generation = YES;
				INFOPLIST_KEY_UISupportedInterfaceOrientations = "UIInterfaceOrientationLandscapeLeft UIInterfaceOrientationLandscapeRight";
				INFOPLIST_KEY_UISupportedInterfaceOrientations_iPad = "UIInterfaceOrientationLandscapeLeft UIInterfaceOrientationLandscapeRight UIInterfaceOrientationPortrait UIInterfaceOrientationPortraitUpsideDown";
				LD_RUNPATH_SEARCH_PATHS = (
					"$(inherited)",
					"@executable_path/Frameworks",
				);
				MARKETING_VERSION = 1.0;
				PRODUCT_BUNDLE_IDENTIFIER = DavidMWilcox.RunningFromPuppies;
				PRODUCT_NAME = "$(TARGET_NAME)";
				STRING_CATALOG_GENERATE_SYMBOLS = YES;
				SWIFT_APPROACHABLE_CONCURRENCY = YES;
				SWIFT_DEFAULT_ACTOR_ISOLATION = MainActor;
				SWIFT_EMIT_LOC_STRINGS = YES;
				SWIFT_UPCOMING_FEATURE_MEMBER_IMPORT_VISIBILITY = YES;
				SWIFT_VERSION = 5.0;
				TARGETED_DEVICE_FAMILY = "1,2";
			};
			name = Debug;
		};
		8A0D782B2EF37870008BADF2 /* Release */ = {
			isa = XCBuildConfiguration;
			buildSettings = {
				ASSETCATALOG_COMPILER_APPICON_NAME = AppIcon;
				ASSETCATALOG_COMPILER_GLOBAL_ACCENT_COLOR_NAME = AccentColor;
				CODE_SIGN_ENTITLEMENTS = RunningFromPuppies/RunningFromPuppies.entitlements;
				CODE_SIGN_STYLE = Automatic;
				CURRENT_PROJECT_VERSION = 2;
				DEVELOPMENT_TEAM = YVYV2ACPL4;
				ENABLE_PREVIEWS = YES;
				GENERATE_INFOPLIST_FILE = YES;
				INFOPLIST_FILE = RunningFromPuppies/Info.plist;
				INFOPLIST_KEY_LSApplicationCategoryType = "";
				INFOPLIST_KEY_LSSupportsOpeningDocumentsInPlace = YES;
				INFOPLIST_KEY_UIApplicationSceneManifest_Generation = YES;
				INFOPLIST_KEY_UIApplicationSupportsIndirectInputEvents = YES;
				INFOPLIST_KEY_UIFileSharingEnabled = YES;
				INFOPLIST_KEY_UILaunchScreen_Generation = YES;
				INFOPLIST_KEY_UISupportedInterfaceOrientations = "UIInterfaceOrientationLandscapeLeft UIInterfaceOrientationLandscapeRight";
				INFOPLIST_KEY_UISupportedInterfaceOrientations_iPad = "UIInterfaceOrientationLandscapeLeft UIInterfaceOrientationLandscapeRight UIInterfaceOrientationPortrait UIInterfaceOrientationPortraitUpsideDown";
				LD_RUNPATH_SEARCH_PATHS = (
					"$(inherited)",
					"@executable_path/Frameworks",
				);
				MARKETING_VERSION = 1.0;
				PRODUCT_BUNDLE_IDENTIFIER = DavidMWilcox.RunningFromPuppies;
				PRODUCT_NAME = "$(TARGET_NAME)";
				STRING_CATALOG_GENERATE_SYMBOLS = YES;
				SWIFT_APPROACHABLE_CONCURRENCY = YES;
				SWIFT_DEFAULT_ACTOR_ISOLATION = MainActor;
				SWIFT_EMIT_LOC_STRINGS = YES;
				SWIFT_UPCOMING_FEATURE_MEMBER_IMPORT_VISIBILITY = YES;
				SWIFT_VERSION = 5.0;
				TARGETED_DEVICE_FAMILY = "1,2";
			};
			name = Release;
		};
		8A0D782C2EF37870008BADF2 /* Debug */ = {
			isa = XCBuildConfiguration;
			buildSettings = {
				ALWAYS_SEARCH_USER_PATHS = NO;
				ASSETCATALOG_COMPILER_GENERATE_SWIFT_ASSET_SYMBOL_EXTENSIONS = YES;
				CLANG_ANALYZER_NONNULL = YES;
				CLANG_ANALYZER_NUMBER_OBJECT_CONVERSION = YES_AGGRESSIVE;
				CLANG_CXX_LANGUAGE_STANDARD = "gnu++20";
				CLANG_ENABLE_MODULES = YES;
				CLANG_ENABLE_OBJC_ARC = YES;
				CLANG_ENABLE_OBJC_WEAK = YES;
				CLANG_WARN_BLOCK_CAPTURE_AUTORELEASING = YES;
				CLANG_WARN_BOOL_CONVERSION = YES;
				CLANG_WARN_COMMA = YES;
				CLANG_WARN_CONSTANT_CONVERSION = YES;
				CLANG_WARN_DEPRECATED_OBJC_IMPLEMENTATIONS = YES;
				CLANG_WARN_DIRECT_OBJC_ISA_USAGE = YES_ERROR;
				CLANG_WARN_DOCUMENTATION_COMMENTS = YES;
				CLANG_WARN_EMPTY_BODY = YES;
				CLANG_WARN_ENUM_CONVERSION = YES;
				CLANG_WARN_INFINITE_RECURSION = YES;
				CLANG_WARN_INT_CONVERSION = YES;
				CLANG_WARN_NON_LITERAL_NULL_CONVERSION = YES;
				CLANG_WARN_OBJC_IMPLICIT_RETAIN_SELF = YES;
				CLANG_WARN_OBJC_LITERAL_CONVERSION = YES;
				CLANG_WARN_OBJC_ROOT_CLASS = YES_ERROR;
				CLANG_WARN_QUOTED_INCLUDE_IN_FRAMEWORK_HEADER = YES;
				CLANG_WARN_RANGE_LOOP_ANALYSIS = YES;
				CLANG_WARN_STRICT_PROTOTYPES = YES;
				CLANG_WARN_SUSPICIOUS_MOVE = YES;
				CLANG_WARN_UNGUARDED_AVAILABILITY = YES_AGGRESSIVE;
				CLANG_WARN_UNREACHABLE_CODE = YES;
				CLANG_WARN__DUPLICATE_METHOD_MATCH = YES;
				COPY_PHASE_STRIP = NO;
				DEBUG_INFORMATION_FORMAT = dwarf;
				DEVELOPMENT_TEAM = YVYV2ACPL4;
				ENABLE_STRICT_OBJC_MSGSEND = YES;
				ENABLE_TESTABILITY = YES;
				ENABLE_USER_SCRIPT_SANDBOXING = YES;
				GCC_C_LANGUAGE_STANDARD = gnu17;
				GCC_DYNAMIC_NO_PIC = NO;
				GCC_NO_COMMON_BLOCKS = YES;
				GCC_OPTIMIZATION_LEVEL = 0;
				GCC_PREPROCESSOR_DEFINITIONS = (
					"DEBUG=1",
					"$(inherited)",
				);
				GCC_WARN_64_TO_32_BIT_CONVERSION = YES;
				GCC_WARN_ABOUT_RETURN_TYPE = YES_ERROR;
				GCC_WARN_UNDECLARED_SELECTOR = YES;
				GCC_WARN_UNINITIALIZED_AUTOS = YES_AGGRESSIVE;
				GCC_WARN_UNUSED_FUNCTION = YES;
				GCC_WARN_UNUSED_VARIABLE = YES;
				IPHONEOS_DEPLOYMENT_TARGET = 26.2;
				LOCALIZATION_PREFERS_STRING_CATALOGS = YES;
				MTL_ENABLE_DEBUG_INFO = INCLUDE_SOURCE;
				MTL_FAST_MATH = YES;
				ONLY_ACTIVE_ARCH = YES;
				SDKROOT = iphoneos;
				SWIFT_ACTIVE_COMPILATION_CONDITIONS = "DEBUG $(inherited)";
				SWIFT_OPTIMIZATION_LEVEL = "-Onone";
			};
			name = Debug;
		};
		8A0D782D2EF37870008BADF2 /* Release */ = {
			isa = XCBuildConfiguration;
			buildSettings = {
				ALWAYS_SEARCH_USER_PATHS = NO;
				ASSETCATALOG_COMPILER_GENERATE_SWIFT_ASSET_SYMBOL_EXTENSIONS = YES;
				CLANG_ANALYZER_NONNULL = YES;
				CLANG_ANALYZER_NUMBER_OBJECT_CONVERSION = YES_AGGRESSIVE;
				CLANG_CXX_LANGUAGE_STANDARD = "gnu++20";
				CLANG_ENABLE_MODULES = YES;
				CLANG_ENABLE_OBJC_ARC = YES;
				CLANG_ENABLE_OBJC_WEAK = YES;
				CLANG_WARN_BLOCK_CAPTURE_AUTORELEASING = YES;
				CLANG_WARN_BOOL_CONVERSION = YES;
				CLANG_WARN_COMMA = YES;
				CLANG_WARN_CONSTANT_CONVERSION = YES;
				CLANG_WARN_DEPRECATED_OBJC_IMPLEMENTATIONS = YES;
				CLANG_WARN_DIRECT_OBJC_ISA_USAGE = YES_ERROR;
				CLANG_WARN_DOCUMENTATION_COMMENTS = YES;
				CLANG_WARN_EMPTY_BODY = YES;
				CLANG_WARN_ENUM_CONVERSION = YES;
				CLANG_WARN_INFINITE_RECURSION = YES;
				CLANG_WARN_INT_CONVERSION = YES;
				CLANG_WARN_NON_LITERAL_NULL_CONVERSION = YES;
				CLANG_WARN_OBJC_IMPLICIT_RETAIN_SELF = YES;
				CLANG_WARN_OBJC_LITERAL_CONVERSION = YES;
				CLANG_WARN_OBJC_ROOT_CLASS = YES_ERROR;
				CLANG_WARN_QUOTED_INCLUDE_IN_FRAMEWORK_HEADER = YES;
				CLANG_WARN_RANGE_LOOP_ANALYSIS = YES;
				CLANG_WARN_STRICT_PROTOTYPES = YES;
				CLANG_WARN_SUSPICIOUS_MOVE = YES;
				CLANG_WARN_UNGUARDED_AVAILABILITY = YES_AGGRESSIVE;
				CLANG_WARN_UNREACHABLE_CODE = YES;
				CLANG_WARN__DUPLICATE_METHOD_MATCH = YES;
				COPY_PHASE_STRIP = NO;
				DEBUG_INFORMATION_FORMAT = "dwarf-with-dsym";
				DEVELOPMENT_TEAM = YVYV2ACPL4;
				ENABLE_NS_ASSERTIONS = NO;
				ENABLE_STRICT_OBJC_MSGSEND = YES;
				ENABLE_USER_SCRIPT_SANDBOXING = YES;
				GCC_C_LANGUAGE_STANDARD = gnu17;
				GCC_NO_COMMON_BLOCKS = YES;
				GCC_WARN_64_TO_32_BIT_CONVERSION = YES;
				GCC_WARN_ABOUT_RETURN_TYPE = YES_ERROR;
				GCC_WARN_UNDECLARED_SELECTOR = YES;
				GCC_WARN_UNINITIALIZED_AUTOS = YES_AGGRESSIVE;
				GCC_WARN_UNUSED_FUNCTION = YES;
				GCC_WARN_UNUSED_VARIABLE = YES;
				IPHONEOS_DEPLOYMENT_TARGET = 26.2;
				LOCALIZATION_PREFERS_STRING_CATALOGS = YES;
				MTL_ENABLE_DEBUG_INFO = NO;
				MTL_FAST_MATH = YES;
				SDKROOT = iphoneos;
				SWIFT_COMPILATION_MODE = wholemodule;
				VALIDATE_PRODUCT = YES;
			};
			name = Release;
		};
/* End XCBuildConfiguration section */

/* Begin XCConfigurationList section */
		8A0D78132EF3786D008BADF2 /* Build configuration list for PBXProject "RunningFromPuppies" */ = {
			isa = XCConfigurationList;
			buildConfigurations = (
				8A0D782C2EF37870008BADF2 /* Debug */,
				8A0D782D2EF37870008BADF2 /* Release */,
			);
			defaultConfigurationIsVisible = 0;
			defaultConfigurationName = Release;
		};
		8A0D78292EF37870008BADF2 /* Build configuration list for PBXNativeTarget "RunningFromPuppies" */ = {
			isa = XCConfigurationList;
			buildConfigurations = (
				8A0D782A2EF37870008BADF2 /* Debug */,
				8A0D782B2EF37870008BADF2 /* Release */,
			);
			defaultConfigurationIsVisible = 0;
			defaultConfigurationName = Release;
		};
/* End XCConfigurationList section */
	};
	rootObject = 8A0D78102EF3786D008BADF2 /* Project object */;
}
